{
  "version": 4,
  "terraform_version": "1.8.1",
  "serial": 13,
  "lineage": "0f34e894-319b-ae28-27b1-5a68c9c079f1",
  "outputs": {
    "instance_id": {
      "value": "i-063c41128327858c2",
      "type": "string"
    },
    "private_key": {
      "value": "-----BEGIN RSA PRIVATE KEY-----\nMIIEpAIBAAKCAQEAn7ew8v7rF3QOJwZMJQU15jNnDRirsn/mfEBo5ClUpv5cP8Z0\nFGaRlojn1twjQijvKqSY9E5STL0/tcR8u+FNt0q19Sao8UPB6XRmBiD08zx0EoP8\n86oqWJ1HrfZUE2MP84SLlSEbPtNkXRBRbsg5cIJsO7Wk9vJyiJp8Zce6S4F+dhtD\n8PLtK/KZT+4X1oaKSlWDLEomkgyrZ+6fo+HYSus+AQOlmVkOi0IGXZgwutMSI8az\nJ+XVqyur9KoBPk43V6zR62DRAa0xLkOMyjg1SijfrcbQLG635ENcA+fjWKwLUm7k\nionhMNbioyuAFyxSYw58o5A/4E5A3AwK2L5JDQIDAQABAoIBAFXzQGJEFLd2WPdf\nSDLT7wGGv/ooQJ26fop3DvtZ0phbYcFgRq+D0u0zl6/kn4THCo3kLfuq+lcZsONc\nbdOdl3j/15Opzlinof7ECPNbYPZUnhIovUNTW558ZUqUuQIF2VuvBH6oZkUU9Xmv\ngmMflOmbBivLwI60QjaJDFCpfvOKTmWJGRAfzpB0+YrTnCGmcZJnlKNaUtAKicSS\nm2w09gP7gIaZdFgFUW2Q8MCdeWjVk9ppgmkh+pF2r6cChZ+/rtnHVzKDJaJpWH3G\nCXE59Ydfsbg65Jy9hLBkEfjdhn31GBKK8PUDwL1ZrY9S4RVsLtg59l46Ekco8K6I\nqzGbFvECgYEA1B7IYHbx6RjJlUnDZm37aIs8qEdxVk04fJB02wp70kh+45fDdvUB\nyvSgsDEu/TPnNq+BymLwEOnO907PoTWTNd6c09SkUtdJzR8Se/ymBETRVOSFpLzM\nVNG3FrybAmIEmFtmhB1JsPXyudqQpMd8rOfm0yKqkjeNYgt6B2rWA9cCgYEAwMHT\nwVoPMcYTfIUgrv1FKd68lt+DFkifYnFqYSnffTDH5XGRv6kA3/pgbU2Nc3lXIsr1\nDrpNKmGYoBuhqmAz8ikzaG4OV0bSG8xOXhHsYfbB8mIIBeWO7F0/vyju/B1juaNr\nawZYn3vEOpqNcIxNN2g35x0wPHGI6+Jb4USS/bsCgYEA0/YupLY25YYvaU5cQ26D\nWuRHqKA7UNG5MD/phTfkoyxuH173o1cQg44PRADhw4Kp+KtINsTGvx/kAJxwPdcb\nUykv7Tz/NwiKZr416k98VaeuxfXU1dkTFW66Va4B90+a5+PtfPcHPB2Ifs842m+8\n1cqljTWG3LVGQkLVnbPUR+ECgYBkdmEUPAkBSxgq5QPE0FH04ZbvF20t9wnC+BOW\nsok9qWf16Lwq5T2Efu006p+XmJ1Wj+srEuRW+2jdwaj/sIZCZ0DY48trp4ioXlJV\n6weFg2NQHdHKqPtVq8AmtIHiOrsYLNk2fadA7/O1C4o+J5GzGAlS1j6mshHHx0FV\n5jSqMwKBgQCLdl+7SL0F6/Mf5uZXtcP9oKqDwHVPiOSgEMmZAVG1IRa548EGFZJB\nuCpPbirIv1rPEPumPFmKssoWO6V8HNWPGevAGxr/6SXPs5AM/umyUuz+ijO+50t3\njQDWS5B9DhRosxCbikOuWKVwwc8RZdCopTejHlFjt2i0reh1k3tvlw==\n-----END RSA PRIVATE KEY-----\n",
      "type": "string",
      "sensitive": true
    },
    "public_ip": {
      "value": "54.158.71.46",
      "type": "string"
    },
    "security_group_id": {
      "value": "sg-0e5bc0ac6f7454542",
      "type": "string"
    },
    "ssh_command": {
      "value": "ssh -i private-key.pem ubuntu@54.158.71.46",
      "type": "string"
    },
    "subnet_id": {
      "value": "subnet-0ef0e8a590b5c15ba",
      "type": "string"
    },
    "vpc_id": {
      "value": "vpc-0a4797b316dfae740",
      "type": "string"
    }
  },
  "resources": [
    {
      "mode": "managed",
      "type": "aws_eip",
      "name": "joinscaler_eip",
      "provider": "provider[\"registry.terraform.io/hashicorp/aws\"]",
      "instances": [
        {
          "schema_version": 0,
          "attributes": {
            "address": null,
            "allocation_id": "eipalloc-0c235890bfaf55288",
            "arn": "arn:aws:ec2:us-east-1:975050120043:elastic-ip/eipalloc-0c235890bfaf55288",
            "associate_with_private_ip": null,
            "association_id": "",
            "carrier_ip": "",
            "customer_owned_ip": "",
            "customer_owned_ipv4_pool": "",
            "domain": "vpc",
            "id": "eipalloc-0c235890bfaf55288",
            "instance": "",
            "ipam_pool_id": null,
            "network_border_group": "us-east-1",
            "network_interface": "",
            "private_dns": null,
            "private_ip": "",
            "ptr_record": "",
            "public_dns": "ec2-54-158-71-46.compute-1.amazonaws.com",
            "public_ip": "54.158.71.46",
            "public_ipv4_pool": "amazon",
            "tags": {
              "Name": "Joinscaler-EIP"
            },
            "tags_all": {
              "Name": "Joinscaler-EIP"
            },
            "timeouts": null,
            "vpc": true
          },
          "sensitive_attributes": [],
          "private": "eyJlMmJmYjczMC1lY2FhLTExZTYtOGY4OC0zNDM2M2JjN2M0YzAiOnsiZGVsZXRlIjoxODAwMDAwMDAwMDAsInJlYWQiOjkwMDAwMDAwMDAwMCwidXBkYXRlIjozMDAwMDAwMDAwMDB9fQ=="
        }
      ]
    },
    {
      "mode": "managed",
      "type": "aws_eip_association",
      "name": "joinscaler_eip_association",
      "provider": "provider[\"registry.terraform.io/hashicorp/aws\"]",
      "instances": [
        {
          "schema_version": 0,
          "attributes": {
            "allocation_id": "eipalloc-0c235890bfaf55288",
            "allow_reassociation": null,
            "id": "eipassoc-0119f7ef5f493954b",
            "instance_id": "i-063c41128327858c2",
            "network_interface_id": "eni-09ea4e8725b58936a",
            "private_ip_address": "10.0.1.139",
            "public_ip": "54.158.71.46"
          },
          "sensitive_attributes": [],
          "private": "bnVsbA==",
          "dependencies": [
            "aws_eip.joinscaler_eip",
            "aws_instance.joinscaler_ec2",
            "aws_key_pair.joinscaler_key_pair",
            "aws_security_group.joinscaler_sg",
            "aws_subnet.joinscaler_subnet",
            "aws_vpc.joinscaler_vpc",
            "tls_private_key.key_pair"
          ]
        }
      ]
    },
    {
      "mode": "managed",
      "type": "aws_instance",
      "name": "joinscaler_ec2",
      "provider": "provider[\"registry.terraform.io/hashicorp/aws\"]",
      "instances": [
        {
          "schema_version": 1,
          "attributes": {
            "ami": "ami-0c02fb55956c7d316",
            "arn": "arn:aws:ec2:us-east-1:975050120043:instance/i-063c41128327858c2",
            "associate_public_ip_address": true,
            "availability_zone": "us-east-1a",
            "capacity_reservation_specification": [
              {
                "capacity_reservation_preference": "open",
                "capacity_reservation_target": []
              }
            ],
            "cpu_core_count": 1,
            "cpu_options": [
              {
                "amd_sev_snp": "",
                "core_count": 1,
                "threads_per_core": 1
              }
            ],
            "cpu_threads_per_core": 1,
            "credit_specification": [
              {
                "cpu_credits": "standard"
              }
            ],
            "disable_api_stop": false,
            "disable_api_termination": false,
            "ebs_block_device": [],
            "ebs_optimized": false,
            "enclave_options": [
              {
                "enabled": false
              }
            ],
            "ephemeral_block_device": [],
            "get_password_data": false,
            "hibernation": false,
            "host_id": "",
            "host_resource_group_arn": null,
            "iam_instance_profile": "",
            "id": "i-063c41128327858c2",
            "instance_initiated_shutdown_behavior": "stop",
            "instance_lifecycle": "",
            "instance_market_options": [],
            "instance_state": "running",
            "instance_type": "t2.micro",
            "ipv6_address_count": 0,
            "ipv6_addresses": [],
            "key_name": "joinscaler-key",
            "launch_template": [],
            "maintenance_options": [
              {
                "auto_recovery": "default"
              }
            ],
            "metadata_options": [
              {
                "http_endpoint": "enabled",
                "http_protocol_ipv6": "disabled",
                "http_put_response_hop_limit": 1,
                "http_tokens": "optional",
                "instance_metadata_tags": "disabled"
              }
            ],
            "monitoring": false,
            "network_interface": [],
            "outpost_arn": "",
            "password_data": "",
            "placement_group": "",
            "placement_partition_number": 0,
            "primary_network_interface_id": "eni-09ea4e8725b58936a",
            "private_dns": "ip-10-0-1-139.ec2.internal",
            "private_dns_name_options": [
              {
                "enable_resource_name_dns_a_record": false,
                "enable_resource_name_dns_aaaa_record": false,
                "hostname_type": "ip-name"
              }
            ],
            "private_ip": "10.0.1.139",
            "public_dns": "ec2-44-211-223-123.compute-1.amazonaws.com",
            "public_ip": "44.211.223.123",
            "root_block_device": [
              {
                "delete_on_termination": true,
                "device_name": "/dev/xvda",
                "encrypted": false,
                "iops": 100,
                "kms_key_id": "",
                "tags": {
                  "Name": "Joinscaler-Root-Volume"
                },
                "tags_all": {
                  "Name": "Joinscaler-Root-Volume"
                },
                "throughput": 0,
                "volume_id": "vol-06f4939cf6bae3ac8",
                "volume_size": 20,
                "volume_type": "gp2"
              }
            ],
            "secondary_private_ips": [],
            "security_groups": [],
            "source_dest_check": true,
            "spot_instance_request_id": "",
            "subnet_id": "subnet-0ef0e8a590b5c15ba",
            "tags": {
              "Environment": "Production",
              "Managed_by": "Terraform",
              "Name": "Joinscaler-EC2-2",
              "Project": "Joinscaler"
            },
            "tags_all": {
              "Environment": "Production",
              "Managed_by": "Terraform",
              "Name": "Joinscaler-EC2-2",
              "Project": "Joinscaler"
            },
            "tenancy": "default",
            "timeouts": {
              "create": "10m",
              "delete": "10m",
              "read": null,
              "update": null
            },
            "user_data": "3c31f96d3f80ae622ddd4ca516797400e593e40f",
            "user_data_base64": null,
            "user_data_replace_on_change": false,
            "volume_tags": null,
            "vpc_security_group_ids": [
              "sg-0e5bc0ac6f7454542"
            ]
          },
          "sensitive_attributes": [],
          "private": "eyJlMmJmYjczMC1lY2FhLTExZTYtOGY4OC0zNDM2M2JjN2M0YzAiOnsiY3JlYXRlIjo2MDAwMDAwMDAwMDAsImRlbGV0ZSI6NjAwMDAwMDAwMDAwLCJyZWFkIjo5MDAwMDAwMDAwMDAsInVwZGF0ZSI6NjAwMDAwMDAwMDAwfSwic2NoZW1hX3ZlcnNpb24iOiIxIn0=",
          "dependencies": [
            "aws_key_pair.joinscaler_key_pair",
            "aws_security_group.joinscaler_sg",
            "aws_subnet.joinscaler_subnet",
            "aws_vpc.joinscaler_vpc",
            "tls_private_key.key_pair"
          ]
        }
      ]
    },
    {
      "mode": "managed",
      "type": "aws_internet_gateway",
      "name": "joinscaler_igw",
      "provider": "provider[\"registry.terraform.io/hashicorp/aws\"]",
      "instances": [
        {
          "schema_version": 0,
          "attributes": {
            "arn": "arn:aws:ec2:us-east-1:975050120043:internet-gateway/igw-0d25723eb6ec9773e",
            "id": "igw-0d25723eb6ec9773e",
            "owner_id": "975050120043",
            "tags": {
              "Name": "Joinscaler-Internet-Gateway"
            },
            "tags_all": {
              "Name": "Joinscaler-Internet-Gateway"
            },
            "timeouts": null,
            "vpc_id": "vpc-0a4797b316dfae740"
          },
          "sensitive_attributes": [],
          "private": "eyJlMmJmYjczMC1lY2FhLTExZTYtOGY4OC0zNDM2M2JjN2M0YzAiOnsiY3JlYXRlIjoxMjAwMDAwMDAwMDAwLCJkZWxldGUiOjEyMDAwMDAwMDAwMDAsInVwZGF0ZSI6MTIwMDAwMDAwMDAwMH19",
          "dependencies": [
            "aws_vpc.joinscaler_vpc"
          ]
        }
      ]
    },
    {
      "mode": "managed",
      "type": "aws_key_pair",
      "name": "joinscaler_key_pair",
      "provider": "provider[\"registry.terraform.io/hashicorp/aws\"]",
      "instances": [
        {
          "schema_version": 1,
          "attributes": {
            "arn": "arn:aws:ec2:us-east-1:975050120043:key-pair/joinscaler-key",
            "fingerprint": "14:64:18:49:cb:45:06:c3:2a:d0:1a:b6:19:fe:b8:89",
            "id": "joinscaler-key",
            "key_name": "joinscaler-key",
            "key_name_prefix": "",
            "key_pair_id": "key-0d44aef553a2222dc",
            "key_type": "rsa",
            "public_key": "ssh-rsa AAAAB3NzaC1yc2EAAAADAQABAAABAQCft7Dy/usXdA4nBkwlBTXmM2cNGKuyf+Z8QGjkKVSm/lw/xnQUZpGWiOfW3CNCKO8qpJj0TlJMvT+1xHy74U23SrX1JqjxQ8HpdGYGIPTzPHQSg/zzqipYnUet9lQTYw/zhIuVIRs+02RdEFFuyDlwgmw7taT28nKImnxlx7pLgX52G0Pw8u0r8plP7hfWhopKVYMsSiaSDKtn7p+j4dhK6z4BA6WZWQ6LQgZdmDC60xIjxrMn5dWrK6v0qgE+TjdXrNHrYNEBrTEuQ4zKODVKKN+txtAsbrfkQ1wD5+NYrAtSbuSKieEw1uKjK4AXLFJjDnyjkD/gTkDcDArYvkkN",
            "tags": null,
            "tags_all": {}
          },
          "sensitive_attributes": [],
          "private": "eyJzY2hlbWFfdmVyc2lvbiI6IjEifQ==",
          "dependencies": [
            "tls_private_key.key_pair"
          ]
        }
      ]
    },
    {
      "mode": "managed",
      "type": "aws_route_table",
      "name": "joinscaler_route_table",
      "provider": "provider[\"registry.terraform.io/hashicorp/aws\"]",
      "instances": [
        {
          "schema_version": 0,
          "attributes": {
            "arn": "arn:aws:ec2:us-east-1:975050120043:route-table/rtb-0ace0bd59ef5e56d1",
            "id": "rtb-0ace0bd59ef5e56d1",
            "owner_id": "975050120043",
            "propagating_vgws": [],
            "route": [
              {
                "carrier_gateway_id": "",
                "cidr_block": "0.0.0.0/0",
                "core_network_arn": "",
                "destination_prefix_list_id": "",
                "egress_only_gateway_id": "",
                "gateway_id": "igw-0d25723eb6ec9773e",
                "ipv6_cidr_block": "",
                "local_gateway_id": "",
                "nat_gateway_id": "",
                "network_interface_id": "",
                "transit_gateway_id": "",
                "vpc_endpoint_id": "",
                "vpc_peering_connection_id": ""
              }
            ],
            "tags": {
              "Name": "Joinscaler-Route-Table"
            },
            "tags_all": {
              "Name": "Joinscaler-Route-Table"
            },
            "timeouts": null,
            "vpc_id": "vpc-0a4797b316dfae740"
          },
          "sensitive_attributes": [],
          "private": "eyJlMmJmYjczMC1lY2FhLTExZTYtOGY4OC0zNDM2M2JjN2M0YzAiOnsiY3JlYXRlIjozMDAwMDAwMDAwMDAsImRlbGV0ZSI6MzAwMDAwMDAwMDAwLCJ1cGRhdGUiOjEyMDAwMDAwMDAwMH19",
          "dependencies": [
            "aws_internet_gateway.joinscaler_igw",
            "aws_vpc.joinscaler_vpc"
          ]
        }
      ]
    },
    {
      "mode": "managed",
      "type": "aws_route_table_association",
      "name": "joinscaler_rta",
      "provider": "provider[\"registry.terraform.io/hashicorp/aws\"]",
      "instances": [
        {
          "schema_version": 0,
          "attributes": {
            "gateway_id": "",
            "id": "rtbassoc-0552ca5dc52226968",
            "route_table_id": "rtb-0ace0bd59ef5e56d1",
            "subnet_id": "subnet-0ef0e8a590b5c15ba",
            "timeouts": null
          },
          "sensitive_attributes": [],
          "private": "eyJlMmJmYjczMC1lY2FhLTExZTYtOGY4OC0zNDM2M2JjN2M0YzAiOnsiY3JlYXRlIjozMDAwMDAwMDAwMDAsImRlbGV0ZSI6MzAwMDAwMDAwMDAwLCJ1cGRhdGUiOjEyMDAwMDAwMDAwMH19",
          "dependencies": [
            "aws_internet_gateway.joinscaler_igw",
            "aws_route_table.joinscaler_route_table",
            "aws_subnet.joinscaler_subnet",
            "aws_vpc.joinscaler_vpc"
          ]
        }
      ]
    },
    {
      "mode": "managed",
      "type": "aws_security_group",
      "name": "joinscaler_sg",
      "provider": "provider[\"registry.terraform.io/hashicorp/aws\"]",
      "instances": [
        {
          "schema_version": 1,
          "attributes": {
            "arn": "arn:aws:ec2:us-east-1:975050120043:security-group/sg-0e5bc0ac6f7454542",
            "description": "Security group for Joinscaler WordPress",
            "egress": [
              {
                "cidr_blocks": [
                  "0.0.0.0/0"
                ],
                "description": "",
                "from_port": 0,
                "ipv6_cidr_blocks": [],
                "prefix_list_ids": [],
                "protocol": "-1",
                "security_groups": [],
                "self": false,
                "to_port": 0
              }
            ],
            "id": "sg-0e5bc0ac6f7454542",
            "ingress": [
              {
                "cidr_blocks": [
                  "0.0.0.0/0"
                ],
                "description": "",
                "from_port": 22,
                "ipv6_cidr_blocks": [],
                "prefix_list_ids": [],
                "protocol": "tcp",
                "security_groups": [],
                "self": false,
                "to_port": 22
              },
              {
                "cidr_blocks": [
                  "0.0.0.0/0"
                ],
                "description": "",
                "from_port": 443,
                "ipv6_cidr_blocks": [],
                "prefix_list_ids": [],
                "protocol": "tcp",
                "security_groups": [],
                "self": false,
                "to_port": 443
              },
              {
                "cidr_blocks": [
                  "0.0.0.0/0"
                ],
                "description": "",
                "from_port": 80,
                "ipv6_cidr_blocks": [],
                "prefix_list_ids": [],
                "protocol": "tcp",
                "security_groups": [],
                "self": false,
                "to_port": 80
              }
            ],
            "name": "joinscaler-security-group",
            "name_prefix": "",
            "owner_id": "975050120043",
            "revoke_rules_on_delete": false,
            "tags": {
              "Name": "Joinscaler-Security-Group"
            },
            "tags_all": {
              "Name": "Joinscaler-Security-Group"
            },
            "timeouts": null,
            "vpc_id": "vpc-0a4797b316dfae740"
          },
          "sensitive_attributes": [],
          "private": "eyJlMmJmYjczMC1lY2FhLTExZTYtOGY4OC0zNDM2M2JjN2M0YzAiOnsiY3JlYXRlIjo2MDAwMDAwMDAwMDAsImRlbGV0ZSI6OTAwMDAwMDAwMDAwfSwic2NoZW1hX3ZlcnNpb24iOiIxIn0=",
          "dependencies": [
            "aws_vpc.joinscaler_vpc"
          ]
        }
      ]
    },
    {
      "mode": "managed",
      "type": "aws_subnet",
      "name": "joinscaler_subnet",
      "provider": "provider[\"registry.terraform.io/hashicorp/aws\"]",
      "instances": [
        {
          "schema_version": 1,
          "attributes": {
            "arn": "arn:aws:ec2:us-east-1:975050120043:subnet/subnet-0ef0e8a590b5c15ba",
            "assign_ipv6_address_on_creation": false,
            "availability_zone": "us-east-1a",
            "availability_zone_id": "use1-az2",
            "cidr_block": "10.0.1.0/24",
            "customer_owned_ipv4_pool": "",
            "enable_dns64": false,
            "enable_lni_at_device_index": 0,
            "enable_resource_name_dns_a_record_on_launch": false,
            "enable_resource_name_dns_aaaa_record_on_launch": false,
            "id": "subnet-0ef0e8a590b5c15ba",
            "ipv6_cidr_block": "",
            "ipv6_cidr_block_association_id": "",
            "ipv6_native": false,
            "map_customer_owned_ip_on_launch": false,
            "map_public_ip_on_launch": true,
            "outpost_arn": "",
            "owner_id": "975050120043",
            "private_dns_hostname_type_on_launch": "ip-name",
            "tags": {
              "Name": "Joinscaler-Subnet"
            },
            "tags_all": {
              "Name": "Joinscaler-Subnet"
            },
            "timeouts": null,
            "vpc_id": "vpc-0a4797b316dfae740"
          },
          "sensitive_attributes": [],
          "private": "eyJlMmJmYjczMC1lY2FhLTExZTYtOGY4OC0zNDM2M2JjN2M0YzAiOnsiY3JlYXRlIjo2MDAwMDAwMDAwMDAsImRlbGV0ZSI6MTIwMDAwMDAwMDAwMH0sInNjaGVtYV92ZXJzaW9uIjoiMSJ9",
          "dependencies": [
            "aws_vpc.joinscaler_vpc"
          ]
        }
      ]
    },
    {
      "mode": "managed",
      "type": "aws_vpc",
      "name": "joinscaler_vpc",
      "provider": "provider[\"registry.terraform.io/hashicorp/aws\"]",
      "instances": [
        {
          "schema_version": 1,
          "attributes": {
            "arn": "arn:aws:ec2:us-east-1:975050120043:vpc/vpc-0a4797b316dfae740",
            "assign_generated_ipv6_cidr_block": false,
            "cidr_block": "10.0.0.0/16",
            "default_network_acl_id": "acl-02b6c6e3523b21973",
            "default_route_table_id": "rtb-00a26963a79943f2a",
            "default_security_group_id": "sg-095002ed7563dc932",
            "dhcp_options_id": "dopt-024c956c00de7dc34",
            "enable_dns_hostnames": true,
            "enable_dns_support": true,
            "enable_network_address_usage_metrics": false,
            "id": "vpc-0a4797b316dfae740",
            "instance_tenancy": "default",
            "ipv4_ipam_pool_id": null,
            "ipv4_netmask_length": null,
            "ipv6_association_id": "",
            "ipv6_cidr_block": "",
            "ipv6_cidr_block_network_border_group": "",
            "ipv6_ipam_pool_id": "",
            "ipv6_netmask_length": 0,
            "main_route_table_id": "rtb-00a26963a79943f2a",
            "owner_id": "975050120043",
            "tags": {
              "Name": "Joinscaler-VPC"
            },
            "tags_all": {
              "Name": "Joinscaler-VPC"
            }
          },
          "sensitive_attributes": [],
          "private": "eyJzY2hlbWFfdmVyc2lvbiI6IjEifQ=="
        }
      ]
    },
    {
      "mode": "managed",
      "type": "local_file",
      "name": "private_key_pem",
      "provider": "provider[\"registry.terraform.io/hashicorp/local\"]",
      "instances": [
        {
          "schema_version": 0,
          "attributes": {
            "content": "-----BEGIN RSA PRIVATE KEY-----\nMIIEpAIBAAKCAQEAn7ew8v7rF3QOJwZMJQU15jNnDRirsn/mfEBo5ClUpv5cP8Z0\nFGaRlojn1twjQijvKqSY9E5STL0/tcR8u+FNt0q19Sao8UPB6XRmBiD08zx0EoP8\n86oqWJ1HrfZUE2MP84SLlSEbPtNkXRBRbsg5cIJsO7Wk9vJyiJp8Zce6S4F+dhtD\n8PLtK/KZT+4X1oaKSlWDLEomkgyrZ+6fo+HYSus+AQOlmVkOi0IGXZgwutMSI8az\nJ+XVqyur9KoBPk43V6zR62DRAa0xLkOMyjg1SijfrcbQLG635ENcA+fjWKwLUm7k\nionhMNbioyuAFyxSYw58o5A/4E5A3AwK2L5JDQIDAQABAoIBAFXzQGJEFLd2WPdf\nSDLT7wGGv/ooQJ26fop3DvtZ0phbYcFgRq+D0u0zl6/kn4THCo3kLfuq+lcZsONc\nbdOdl3j/15Opzlinof7ECPNbYPZUnhIovUNTW558ZUqUuQIF2VuvBH6oZkUU9Xmv\ngmMflOmbBivLwI60QjaJDFCpfvOKTmWJGRAfzpB0+YrTnCGmcZJnlKNaUtAKicSS\nm2w09gP7gIaZdFgFUW2Q8MCdeWjVk9ppgmkh+pF2r6cChZ+/rtnHVzKDJaJpWH3G\nCXE59Ydfsbg65Jy9hLBkEfjdhn31GBKK8PUDwL1ZrY9S4RVsLtg59l46Ekco8K6I\nqzGbFvECgYEA1B7IYHbx6RjJlUnDZm37aIs8qEdxVk04fJB02wp70kh+45fDdvUB\nyvSgsDEu/TPnNq+BymLwEOnO907PoTWTNd6c09SkUtdJzR8Se/ymBETRVOSFpLzM\nVNG3FrybAmIEmFtmhB1JsPXyudqQpMd8rOfm0yKqkjeNYgt6B2rWA9cCgYEAwMHT\nwVoPMcYTfIUgrv1FKd68lt+DFkifYnFqYSnffTDH5XGRv6kA3/pgbU2Nc3lXIsr1\nDrpNKmGYoBuhqmAz8ikzaG4OV0bSG8xOXhHsYfbB8mIIBeWO7F0/vyju/B1juaNr\nawZYn3vEOpqNcIxNN2g35x0wPHGI6+Jb4USS/bsCgYEA0/YupLY25YYvaU5cQ26D\nWuRHqKA7UNG5MD/phTfkoyxuH173o1cQg44PRADhw4Kp+KtINsTGvx/kAJxwPdcb\nUykv7Tz/NwiKZr416k98VaeuxfXU1dkTFW66Va4B90+a5+PtfPcHPB2Ifs842m+8\n1cqljTWG3LVGQkLVnbPUR+ECgYBkdmEUPAkBSxgq5QPE0FH04ZbvF20t9wnC+BOW\nsok9qWf16Lwq5T2Efu006p+XmJ1Wj+srEuRW+2jdwaj/sIZCZ0DY48trp4ioXlJV\n6weFg2NQHdHKqPtVq8AmtIHiOrsYLNk2fadA7/O1C4o+J5GzGAlS1j6mshHHx0FV\n5jSqMwKBgQCLdl+7SL0F6/Mf5uZXtcP9oKqDwHVPiOSgEMmZAVG1IRa548EGFZJB\nuCpPbirIv1rPEPumPFmKssoWO6V8HNWPGevAGxr/6SXPs5AM/umyUuz+ijO+50t3\njQDWS5B9DhRosxCbikOuWKVwwc8RZdCopTejHlFjt2i0reh1k3tvlw==\n-----END RSA PRIVATE KEY-----\n",
            "content_base64": null,
            "content_base64sha256": "FZkt1Q9mJwNwpsF7aN9o3vViBc6CohuskMLKVTdfcno=",
            "content_base64sha512": "+8RhJ9wqC83MNpFrUJKrC1R0Bb0ZvRNY2jkPy9k1b6TTKjYg9uAORjVFGFsO3ZGUl2e4nhwWuFg0CabddS8VCA==",
            "content_md5": "268d3224cb90a58e04ce6f9350fbb8ed",
            "content_sha1": "2c9616e1cfdc2aa5c8032d65b72cee9e422e3456",
            "content_sha256": "15992dd50f66270370a6c17b68df68def56205ce82a21bac90c2ca55375f727a",
            "content_sha512": "fbc46127dc2a0bcdcc36916b5092ab0b547405bd19bd1358da390fcbd9356fa4d32a3620f6e00e463545185b0edd91949767b89e1c16b8583409a6dd752f1508",
            "directory_permission": "0777",
            "file_permission": "0777",
            "filename": "private-key.pem",
            "id": "2c9616e1cfdc2aa5c8032d65b72cee9e422e3456",
            "sensitive_content": null,
            "source": null
          },
          "sensitive_attributes": [
            [
              {
                "type": "get_attr",
                "value": "content"
              }
            ],
            [
              {
                "type": "get_attr",
                "value": "sensitive_content"
              }
            ]
          ],
          "dependencies": [
            "tls_private_key.key_pair"
          ]
        }
      ]
    },
    {
      "mode": "managed",
      "type": "tls_private_key",
      "name": "key_pair",
      "provider": "provider[\"registry.terraform.io/hashicorp/tls\"]",
      "instances": [
        {
          "schema_version": 1,
          "attributes": {
            "algorithm": "RSA",
            "ecdsa_curve": "P224",
            "id": "59ca67be7705822778250299ee2e6e4545be7fb4",
            "private_key_openssh": "-----BEGIN OPENSSH PRIVATE KEY-----\nb3BlbnNzaC1rZXktdjEAAAAABG5vbmUAAAAEbm9uZQAAAAAAAAABAAABFwAAAAdz\nc2gtcnNhAAAAAwEAAQAAAQEAn7ew8v7rF3QOJwZMJQU15jNnDRirsn/mfEBo5ClU\npv5cP8Z0FGaRlojn1twjQijvKqSY9E5STL0/tcR8u+FNt0q19Sao8UPB6XRmBiD0\n8zx0EoP886oqWJ1HrfZUE2MP84SLlSEbPtNkXRBRbsg5cIJsO7Wk9vJyiJp8Zce6\nS4F+dhtD8PLtK/KZT+4X1oaKSlWDLEomkgyrZ+6fo+HYSus+AQOlmVkOi0IGXZgw\nutMSI8azJ+XVqyur9KoBPk43V6zR62DRAa0xLkOMyjg1SijfrcbQLG635ENcA+fj\nWKwLUm7kionhMNbioyuAFyxSYw58o5A/4E5A3AwK2L5JDQAAA7hMB3IxTAdyMQAA\nAAdzc2gtcnNhAAABAQCft7Dy/usXdA4nBkwlBTXmM2cNGKuyf+Z8QGjkKVSm/lw/\nxnQUZpGWiOfW3CNCKO8qpJj0TlJMvT+1xHy74U23SrX1JqjxQ8HpdGYGIPTzPHQS\ng/zzqipYnUet9lQTYw/zhIuVIRs+02RdEFFuyDlwgmw7taT28nKImnxlx7pLgX52\nG0Pw8u0r8plP7hfWhopKVYMsSiaSDKtn7p+j4dhK6z4BA6WZWQ6LQgZdmDC60xIj\nxrMn5dWrK6v0qgE+TjdXrNHrYNEBrTEuQ4zKODVKKN+txtAsbrfkQ1wD5+NYrAtS\nbuSKieEw1uKjK4AXLFJjDnyjkD/gTkDcDArYvkkNAAAAAwEAAQAAAQBV80BiRBS3\ndlj3X0gy0+8Bhr/6KECdun6Kdw77WdKYW2HBYEavg9LtM5ev5J+ExwqN5C37qvpX\nGbDjXG3TnZd4/9eTqc5Yp6H+xAjzW2D2VJ4SKL1DU1uefGVKlLkCBdlbrwR+qGZF\nFPV5r4JjH5TpmwYry8COtEI2iQxQqX7zik5liRkQH86QdPmK05whpnGSZ5SjWlLQ\nConEkptsNPYD+4CGmXRYBVFtkPDAnXlo1ZPaaYJpIfqRdq+nAoWfv67Zx1cygyWi\naVh9xglxOfWHX7G4OuScvYSwZBH43YZ99RgSivD1A8C9Wa2PUuEVbC7YOfZeOhJH\nKPCuiKsxmxbxAAAAgQCLdl+7SL0F6/Mf5uZXtcP9oKqDwHVPiOSgEMmZAVG1IRa5\n48EGFZJBuCpPbirIv1rPEPumPFmKssoWO6V8HNWPGevAGxr/6SXPs5AM/umyUuz+\nijO+50t3jQDWS5B9DhRosxCbikOuWKVwwc8RZdCopTejHlFjt2i0reh1k3tvlwAA\nAIEA1B7IYHbx6RjJlUnDZm37aIs8qEdxVk04fJB02wp70kh+45fDdvUByvSgsDEu\n/TPnNq+BymLwEOnO907PoTWTNd6c09SkUtdJzR8Se/ymBETRVOSFpLzMVNG3Fryb\nAmIEmFtmhB1JsPXyudqQpMd8rOfm0yKqkjeNYgt6B2rWA9cAAACBAMDB08FaDzHG\nE3yFIK79RSnevJbfgxZIn2JxamEp330wx+Vxkb+pAN/6YG1NjXN5VyLK9Q66TSph\nmKAboapgM/IpM2huDldG0hvMTl4R7GH2wfJiCAXljuxdP78o7vwdY7mja2sGWJ97\nxDqajXCMTTdoN+cdMDxxiOviW+FEkv27AAAAAAEC\n-----END OPENSSH PRIVATE KEY-----\n",
            "private_key_pem": "-----BEGIN RSA PRIVATE KEY-----\nMIIEpAIBAAKCAQEAn7ew8v7rF3QOJwZMJQU15jNnDRirsn/mfEBo5ClUpv5cP8Z0\nFGaRlojn1twjQijvKqSY9E5STL0/tcR8u+FNt0q19Sao8UPB6XRmBiD08zx0EoP8\n86oqWJ1HrfZUE2MP84SLlSEbPtNkXRBRbsg5cIJsO7Wk9vJyiJp8Zce6S4F+dhtD\n8PLtK/KZT+4X1oaKSlWDLEomkgyrZ+6fo+HYSus+AQOlmVkOi0IGXZgwutMSI8az\nJ+XVqyur9KoBPk43V6zR62DRAa0xLkOMyjg1SijfrcbQLG635ENcA+fjWKwLUm7k\nionhMNbioyuAFyxSYw58o5A/4E5A3AwK2L5JDQIDAQABAoIBAFXzQGJEFLd2WPdf\nSDLT7wGGv/ooQJ26fop3DvtZ0phbYcFgRq+D0u0zl6/kn4THCo3kLfuq+lcZsONc\nbdOdl3j/15Opzlinof7ECPNbYPZUnhIovUNTW558ZUqUuQIF2VuvBH6oZkUU9Xmv\ngmMflOmbBivLwI60QjaJDFCpfvOKTmWJGRAfzpB0+YrTnCGmcZJnlKNaUtAKicSS\nm2w09gP7gIaZdFgFUW2Q8MCdeWjVk9ppgmkh+pF2r6cChZ+/rtnHVzKDJaJpWH3G\nCXE59Ydfsbg65Jy9hLBkEfjdhn31GBKK8PUDwL1ZrY9S4RVsLtg59l46Ekco8K6I\nqzGbFvECgYEA1B7IYHbx6RjJlUnDZm37aIs8qEdxVk04fJB02wp70kh+45fDdvUB\nyvSgsDEu/TPnNq+BymLwEOnO907PoTWTNd6c09SkUtdJzR8Se/ymBETRVOSFpLzM\nVNG3FrybAmIEmFtmhB1JsPXyudqQpMd8rOfm0yKqkjeNYgt6B2rWA9cCgYEAwMHT\nwVoPMcYTfIUgrv1FKd68lt+DFkifYnFqYSnffTDH5XGRv6kA3/pgbU2Nc3lXIsr1\nDrpNKmGYoBuhqmAz8ikzaG4OV0bSG8xOXhHsYfbB8mIIBeWO7F0/vyju/B1juaNr\nawZYn3vEOpqNcIxNN2g35x0wPHGI6+Jb4USS/bsCgYEA0/YupLY25YYvaU5cQ26D\nWuRHqKA7UNG5MD/phTfkoyxuH173o1cQg44PRADhw4Kp+KtINsTGvx/kAJxwPdcb\nUykv7Tz/NwiKZr416k98VaeuxfXU1dkTFW66Va4B90+a5+PtfPcHPB2Ifs842m+8\n1cqljTWG3LVGQkLVnbPUR+ECgYBkdmEUPAkBSxgq5QPE0FH04ZbvF20t9wnC+BOW\nsok9qWf16Lwq5T2Efu006p+XmJ1Wj+srEuRW+2jdwaj/sIZCZ0DY48trp4ioXlJV\n6weFg2NQHdHKqPtVq8AmtIHiOrsYLNk2fadA7/O1C4o+J5GzGAlS1j6mshHHx0FV\n5jSqMwKBgQCLdl+7SL0F6/Mf5uZXtcP9oKqDwHVPiOSgEMmZAVG1IRa548EGFZJB\nuCpPbirIv1rPEPumPFmKssoWO6V8HNWPGevAGxr/6SXPs5AM/umyUuz+ijO+50t3\njQDWS5B9DhRosxCbikOuWKVwwc8RZdCopTejHlFjt2i0reh1k3tvlw==\n-----END RSA PRIVATE KEY-----\n",
            "private_key_pem_pkcs8": "-----BEGIN PRIVATE KEY-----\nMIIEvgIBADANBgkqhkiG9w0BAQEFAASCBKgwggSkAgEAAoIBAQCft7Dy/usXdA4n\nBkwlBTXmM2cNGKuyf+Z8QGjkKVSm/lw/xnQUZpGWiOfW3CNCKO8qpJj0TlJMvT+1\nxHy74U23SrX1JqjxQ8HpdGYGIPTzPHQSg/zzqipYnUet9lQTYw/zhIuVIRs+02Rd\nEFFuyDlwgmw7taT28nKImnxlx7pLgX52G0Pw8u0r8plP7hfWhopKVYMsSiaSDKtn\n7p+j4dhK6z4BA6WZWQ6LQgZdmDC60xIjxrMn5dWrK6v0qgE+TjdXrNHrYNEBrTEu\nQ4zKODVKKN+txtAsbrfkQ1wD5+NYrAtSbuSKieEw1uKjK4AXLFJjDnyjkD/gTkDc\nDArYvkkNAgMBAAECggEAVfNAYkQUt3ZY919IMtPvAYa/+ihAnbp+incO+1nSmFth\nwWBGr4PS7TOXr+SfhMcKjeQt+6r6Vxmw41xt052XeP/Xk6nOWKeh/sQI81tg9lSe\nEii9Q1NbnnxlSpS5AgXZW68EfqhmRRT1ea+CYx+U6ZsGK8vAjrRCNokMUKl+84pO\nZYkZEB/OkHT5itOcIaZxkmeUo1pS0AqJxJKbbDT2A/uAhpl0WAVRbZDwwJ15aNWT\n2mmCaSH6kXavpwKFn7+u2cdXMoMlomlYfcYJcTn1h1+xuDrknL2EsGQR+N2GffUY\nEorw9QPAvVmtj1LhFWwu2Dn2XjoSRyjwroirMZsW8QKBgQDUHshgdvHpGMmVScNm\nbftoizyoR3FWTTh8kHTbCnvSSH7jl8N29QHK9KCwMS79M+c2r4HKYvAQ6c73Ts+h\nNZM13pzT1KRS10nNHxJ7/KYERNFU5IWkvMxU0bcWvJsCYgSYW2aEHUmw9fK52pCk\nx3ys5+bTIqqSN41iC3oHatYD1wKBgQDAwdPBWg8xxhN8hSCu/UUp3ryW34MWSJ9i\ncWphKd99MMflcZG/qQDf+mBtTY1zeVciyvUOuk0qYZigG6GqYDPyKTNobg5XRtIb\nzE5eEexh9sHyYggF5Y7sXT+/KO78HWO5o2trBlife8Q6mo1wjE03aDfnHTA8cYjr\n4lvhRJL9uwKBgQDT9i6ktjblhi9pTlxDboNa5EeooDtQ0bkwP+mFN+SjLG4fXvej\nVxCDjg9EAOHDgqn4q0g2xMa/H+QAnHA91xtTKS/tPP83CIpmvjXqT3xVp67F9dTV\n2RMVbrpVrgH3T5rn4+189wc8HYh+zzjab7zVyqWNNYbctUZCQtWds9RH4QKBgGR2\nYRQ8CQFLGCrlA8TQUfThlu8XbS33CcL4E5ayiT2pZ/XovCrlPYR+7TTqn5eYnVaP\n6ysS5Fb7aN3BqP+whkJnQNjjy2uniKheUlXrB4WDY1Ad0cqo+1WrwCa0geI6uxgs\n2TZ9p0Dv87ULij4nkbMYCVLWPqayEcfHQVXmNKozAoGBAIt2X7tIvQXr8x/m5le1\nw/2gqoPAdU+I5KAQyZkBUbUhFrnjwQYVkkG4Kk9uKsi/Ws8Q+6Y8WYqyyhY7pXwc\n1Y8Z68AbGv/pJc+zkAz+6bJS7P6KM77nS3eNANZLkH0OFGizEJuKQ65YpXDBzxFl\n0KilN6MeUWO3aLSt6HWTe2+X\n-----END PRIVATE KEY-----\n",
            "public_key_fingerprint_md5": "08:2c:3b:fa:d5:b3:90:42:2b:ef:0d:10:06:00:0b:1e",
            "public_key_fingerprint_sha256": "SHA256:k/2bZx/dpyjRTliRYEy8qkRFaqMydqkCqMFnPZMZslA",
            "public_key_openssh": "ssh-rsa AAAAB3NzaC1yc2EAAAADAQABAAABAQCft7Dy/usXdA4nBkwlBTXmM2cNGKuyf+Z8QGjkKVSm/lw/xnQUZpGWiOfW3CNCKO8qpJj0TlJMvT+1xHy74U23SrX1JqjxQ8HpdGYGIPTzPHQSg/zzqipYnUet9lQTYw/zhIuVIRs+02RdEFFuyDlwgmw7taT28nKImnxlx7pLgX52G0Pw8u0r8plP7hfWhopKVYMsSiaSDKtn7p+j4dhK6z4BA6WZWQ6LQgZdmDC60xIjxrMn5dWrK6v0qgE+TjdXrNHrYNEBrTEuQ4zKODVKKN+txtAsbrfkQ1wD5+NYrAtSbuSKieEw1uKjK4AXLFJjDnyjkD/gTkDcDArYvkkN\n",
            "public_key_pem": "-----BEGIN PUBLIC KEY-----\nMIIBIjANBgkqhkiG9w0BAQEFAAOCAQ8AMIIBCgKCAQEAn7ew8v7rF3QOJwZMJQU1\n5jNnDRirsn/mfEBo5ClUpv5cP8Z0FGaRlojn1twjQijvKqSY9E5STL0/tcR8u+FN\nt0q19Sao8UPB6XRmBiD08zx0EoP886oqWJ1HrfZUE2MP84SLlSEbPtNkXRBRbsg5\ncIJsO7Wk9vJyiJp8Zce6S4F+dhtD8PLtK/KZT+4X1oaKSlWDLEomkgyrZ+6fo+HY\nSus+AQOlmVkOi0IGXZgwutMSI8azJ+XVqyur9KoBPk43V6zR62DRAa0xLkOMyjg1\nSijfrcbQLG635ENcA+fjWKwLUm7kionhMNbioyuAFyxSYw58o5A/4E5A3AwK2L5J\nDQIDAQAB\n-----END PUBLIC KEY-----\n",
            "rsa_bits": 2048
          },
          "sensitive_attributes": [
            [
              {
                "type": "get_attr",
                "value": "private_key_openssh"
              }
            ],
            [
              {
                "type": "get_attr",
                "value": "private_key_pem_pkcs8"
              }
            ],
            [
              {
                "type": "get_attr",
                "value": "private_key_pem"
              }
            ]
          ]
        }
      ]
    }
  ],
  "check_results": null
}
